// !$*UTF8*$!
{
	archiveVersion = 1;
	classes = {
	};
	objectVersion = 50;
	objects = {

/* Begin PBXBuildFile section */
		72037E322299C33E00C3447D /* AppDelegate.swift in Sources */ = {isa = PBXBuildFile; fileRef = 72037E312299C33E00C3447D /* AppDelegate.swift */; };
		72037E372299C33E00C3447D /* Main.storyboard in Resources */ = {isa = PBXBuildFile; fileRef = 72037E352299C33E00C3447D /* Main.storyboard */; };
		72037E392299C33F00C3447D /* Assets.xcassets in Resources */ = {isa = PBXBuildFile; fileRef = 72037E382299C33F00C3447D /* Assets.xcassets */; };
		72037E3C2299C34000C3447D /* LaunchScreen.storyboard in Resources */ = {isa = PBXBuildFile; fileRef = 72037E3A2299C34000C3447D /* LaunchScreen.storyboard */; };
		72037E452299C36E00C3447D /* ABAlert.swift in Sources */ = {isa = PBXBuildFile; fileRef = 72037E442299C36E00C3447D /* ABAlert.swift */; };
		72037E472299C37B00C3447D /* ABAlert.xib in Resources */ = {isa = PBXBuildFile; fileRef = 72037E462299C37B00C3447D /* ABAlert.xib */; };
		7249D23322AAFD1A008A9E90 /* ABAlertDemoVC.swift in Sources */ = {isa = PBXBuildFile; fileRef = 7249D23222AAFD1A008A9E90 /* ABAlertDemoVC.swift */; };
		728346C822A30F6900C8F6A2 /* ABAlertTransitionManager.swift in Sources */ = {isa = PBXBuildFile; fileRef = 728346C722A30F6900C8F6A2 /* ABAlertTransitionManager.swift */; };
		72A4ED5522A841D2007AF1DD /* Alert.swift in Sources */ = {isa = PBXBuildFile; fileRef = 72A4ED5422A841D2007AF1DD /* Alert.swift */; };
		72A4ED5722A85308007AF1DD /* ExampleCode.swift in Sources */ = {isa = PBXBuildFile; fileRef = 72A4ED5622A85308007AF1DD /* ExampleCode.swift */; };
		72A4ED5922A868DD007AF1DD /* ic_placeholder.png in Resources */ = {isa = PBXBuildFile; fileRef = 72A4ED5822A868DC007AF1DD /* ic_placeholder.png */; };
		72C94F31229DB9970079D2F2 /* ButtonConfiguration.swift in Sources */ = {isa = PBXBuildFile; fileRef = 72C94F30229DB9970079D2F2 /* ButtonConfiguration.swift */; };
		72D0BC9F229C6840007D24F7 /* ABAlertButton.swift in Sources */ = {isa = PBXBuildFile; fileRef = 72D0BC9E229C6840007D24F7 /* ABAlertButton.swift */; };
/* End PBXBuildFile section */

/* Begin PBXFileReference section */
		72037E2E2299C33E00C3447D /* ABAlert.app */ = {isa = PBXFileReference; explicitFileType = wrapper.application; includeInIndex = 0; path = ABAlert.app; sourceTree = BUILT_PRODUCTS_DIR; };
		72037E312299C33E00C3447D /* AppDelegate.swift */ = {isa = PBXFileReference; lastKnownFileType = sourcecode.swift; path = AppDelegate.swift; sourceTree = "<group>"; };
		72037E362299C33E00C3447D /* Base */ = {isa = PBXFileReference; lastKnownFileType = file.storyboard; name = Base; path = Base.lproj/Main.storyboard; sourceTree = "<group>"; };
		72037E382299C33F00C3447D /* Assets.xcassets */ = {isa = PBXFileReference; lastKnownFileType = folder.assetcatalog; path = Assets.xcassets; sourceTree = "<group>"; };
		72037E3B2299C34000C3447D /* Base */ = {isa = PBXFileReference; lastKnownFileType = file.storyboard; name = Base; path = Base.lproj/LaunchScreen.storyboard; sourceTree = "<group>"; };
		72037E3D2299C34000C3447D /* Info.plist */ = {isa = PBXFileReference; lastKnownFileType = text.plist.xml; path = Info.plist; sourceTree = "<group>"; };
		72037E442299C36E00C3447D /* ABAlert.swift */ = {isa = PBXFileReference; lastKnownFileType = sourcecode.swift; path = ABAlert.swift; sourceTree = "<group>"; };
		72037E462299C37B00C3447D /* ABAlert.xib */ = {isa = PBXFileReference; lastKnownFileType = file.xib; path = ABAlert.xib; sourceTree = "<group>"; };
		7249D23222AAFD1A008A9E90 /* ABAlertDemoVC.swift */ = {isa = PBXFileReference; lastKnownFileType = sourcecode.swift; path = ABAlertDemoVC.swift; sourceTree = "<group>"; };
		728346C722A30F6900C8F6A2 /* ABAlertTransitionManager.swift */ = {isa = PBXFileReference; lastKnownFileType = sourcecode.swift; path = ABAlertTransitionManager.swift; sourceTree = "<group>"; };
		72A4ED5422A841D2007AF1DD /* Alert.swift */ = {isa = PBXFileReference; lastKnownFileType = sourcecode.swift; path = Alert.swift; sourceTree = "<group>"; };
		72A4ED5622A85308007AF1DD /* ExampleCode.swift */ = {isa = PBXFileReference; lastKnownFileType = sourcecode.swift; path = ExampleCode.swift; sourceTree = "<group>"; };
		72A4ED5822A868DC007AF1DD /* ic_placeholder.png */ = {isa = PBXFileReference; lastKnownFileType = image.png; path = ic_placeholder.png; sourceTree = "<group>"; };
		72C94F30229DB9970079D2F2 /* ButtonConfiguration.swift */ = {isa = PBXFileReference; lastKnownFileType = sourcecode.swift; path = ButtonConfiguration.swift; sourceTree = "<group>"; };
		72D0BC9E229C6840007D24F7 /* ABAlertButton.swift */ = {isa = PBXFileReference; lastKnownFileType = sourcecode.swift; path = ABAlertButton.swift; sourceTree = "<group>"; };
/* End PBXFileReference section */

/* Begin PBXFrameworksBuildPhase section */
		72037E2B2299C33E00C3447D /* Frameworks */ = {
			isa = PBXFrameworksBuildPhase;
			buildActionMask = 2147483647;
			files = (
			);
			runOnlyForDeploymentPostprocessing = 0;
		};
/* End PBXFrameworksBuildPhase section */

/* Begin PBXGroup section */
		72037E252299C33E00C3447D = {
			isa = PBXGroup;
			children = (
				72037E302299C33E00C3447D /* ABAlert */,
				72037E2F2299C33E00C3447D /* Products */,
			);
			sourceTree = "<group>";
		};
		72037E2F2299C33E00C3447D /* Products */ = {
			isa = PBXGroup;
			children = (
				72037E2E2299C33E00C3447D /* ABAlert.app */,
			);
			name = Products;
			sourceTree = "<group>";
		};
		72037E302299C33E00C3447D /* ABAlert */ = {
			isa = PBXGroup;
			children = (
				72037E432299C35000C3447D /* ABAlert */,
				72037E312299C33E00C3447D /* AppDelegate.swift */,
				7249D23222AAFD1A008A9E90 /* ABAlertDemoVC.swift */,
				72037E352299C33E00C3447D /* Main.storyboard */,
				72037E382299C33F00C3447D /* Assets.xcassets */,
				72037E3A2299C34000C3447D /* LaunchScreen.storyboard */,
				72037E3D2299C34000C3447D /* Info.plist */,
			);
			path = ABAlert;
			sourceTree = "<group>";
		};
		72037E432299C35000C3447D /* ABAlert */ = {
			isa = PBXGroup;
			children = (
				72037E442299C36E00C3447D /* ABAlert.swift */,
				72037E462299C37B00C3447D /* ABAlert.xib */,
				72D0BC9E229C6840007D24F7 /* ABAlertButton.swift */,
				72C94F30229DB9970079D2F2 /* ButtonConfiguration.swift */,
				728346C722A30F6900C8F6A2 /* ABAlertTransitionManager.swift */,
				72A4ED5622A85308007AF1DD /* ExampleCode.swift */,
				72A4ED5422A841D2007AF1DD /* Alert.swift */,
				72A4ED5822A868DC007AF1DD /* ic_placeholder.png */,
			);
			path = ABAlert;
			sourceTree = "<group>";
		};
/* End PBXGroup section */

/* Begin PBXNativeTarget section */
		72037E2D2299C33E00C3447D /* ABAlert */ = {
			isa = PBXNativeTarget;
			buildConfigurationList = 72037E402299C34000C3447D /* Build configuration list for PBXNativeTarget "ABAlert" */;
			buildPhases = (
				72037E2A2299C33E00C3447D /* Sources */,
				72037E2B2299C33E00C3447D /* Frameworks */,
				72037E2C2299C33E00C3447D /* Resources */,
			);
			buildRules = (
			);
			dependencies = (
			);
			name = ABAlert;
			productName = Alert;
			productReference = 72037E2E2299C33E00C3447D /* ABAlert.app */;
			productType = "com.apple.product-type.application";
		};
/* End PBXNativeTarget section */

/* Begin PBXProject section */
		72037E262299C33E00C3447D /* Project object */ = {
			isa = PBXProject;
			attributes = {
				LastSwiftUpdateCheck = 1000;
				LastUpgradeCheck = 1000;
				ORGANIZATIONNAME = "Ankit Bhana";
				TargetAttributes = {
					72037E2D2299C33E00C3447D = {
						CreatedOnToolsVersion = 10.0;
					};
				};
			};
			buildConfigurationList = 72037E292299C33E00C3447D /* Build configuration list for PBXProject "ABAlert" */;
			compatibilityVersion = "Xcode 9.3";
			developmentRegion = en;
			hasScannedForEncodings = 0;
			knownRegions = (
				en,
				Base,
			);
			mainGroup = 72037E252299C33E00C3447D;
			productRefGroup = 72037E2F2299C33E00C3447D /* Products */;
			projectDirPath = "";
			projectRoot = "";
			targets = (
				72037E2D2299C33E00C3447D /* ABAlert */,
			);
		};
/* End PBXProject section */

/* Begin PBXResourcesBuildPhase section */
		72037E2C2299C33E00C3447D /* Resources */ = {
			isa = PBXResourcesBuildPhase;
			buildActionMask = 2147483647;
			files = (
				72037E3C2299C34000C3447D /* LaunchScreen.storyboard in Resources */,
				72A4ED5922A868DD007AF1DD /* ic_placeholder.png in Resources */,
				72037E392299C33F00C3447D /* Assets.xcassets in Resources */,
				72037E472299C37B00C3447D /* ABAlert.xib in Resources */,
				72037E372299C33E00C3447D /* Main.storyboard in Resources */,
			);
			runOnlyForDeploymentPostprocessing = 0;
		};
/* End PBXResourcesBuildPhase section */

/* Begin PBXSourcesBuildPhase section */
		72037E2A2299C33E00C3447D /* Sources */ = {
			isa = PBXSourcesBuildPhase;
			buildActionMask = 2147483647;
			files = (
				72037E452299C36E00C3447D /* ABAlert.swift in Sources */,
				728346C822A30F6900C8F6A2 /* ABAlertTransitionManager.swift in Sources */,
				72A4ED5722A85308007AF1DD /* ExampleCode.swift in Sources */,
				72037E322299C33E00C3447D /* AppDelegate.swift in Sources */,
				72C94F31229DB9970079D2F2 /* ButtonConfiguration.swift in Sources */,
				72D0BC9F229C6840007D24F7 /* ABAlertButton.swift in Sources */,
				7249D23322AAFD1A008A9E90 /* ABAlertDemoVC.swift in Sources */,
				72A4ED5522A841D2007AF1DD /* Alert.swift in Sources */,
			);
			runOnlyForDeploymentPostprocessing = 0;
		};
/* End PBXSourcesBuildPhase section */

/* Begin PBXVariantGroup section */
		72037E352299C33E00C3447D /* Main.storyboard */ = {
			isa = PBXVariantGroup;
			children = (
				72037E362299C33E00C3447D /* Base */,
			);
			name = Main.storyboard;
			sourceTree = "<group>";
		};
		72037E3A2299C34000C3447D /* LaunchScreen.storyboard */ = {
			isa = PBXVariantGroup;
			children = (
				72037E3B2299C34000C3447D /* Base */,
			);
			name = LaunchScreen.storyboard;
			sourceTree = "<group>";
		};
/* End PBXVariantGroup section */

/* Begin XCBuildConfiguration section */
		72037E3E2299C34000C3447D /* Debug */ = {
			isa = XCBuildConfiguration;
			buildSettings = {
				ALWAYS_SEARCH_USER_PATHS = NO;
				CLANG_ANALYZER_NONNULL = YES;
				CLANG_ANALYZER_NUMBER_OBJECT_CONVERSION = YES_AGGRESSIVE;
				CLANG_CXX_LANGUAGE_STANDARD = "gnu++14";
				CLANG_CXX_LIBRARY = "libc++";
				CLANG_ENABLE_MODULES = YES;
				CLANG_ENABLE_OBJC_ARC = YES;
				CLANG_ENABLE_OBJC_WEAK = YES;
				CLANG_WARN_BLOCK_CAPTURE_AUTORELEASING = YES;
				CLANG_WARN_BOOL_CONVERSION = YES;
				CLANG_WARN_COMMA = YES;
				CLANG_WARN_CONSTANT_CONVERSION = YES;
				CLANG_WARN_DEPRECATED_OBJC_IMPLEMENTATIONS = YES;
				CLANG_WARN_DIRECT_OBJC_ISA_USAGE = YES_ERROR;
				CLANG_WARN_DOCUMENTATION_COMMENTS = YES;
				CLANG_WARN_EMPTY_BODY = YES;
				CLANG_WARN_ENUM_CONVERSION = YES;
				CLANG_WARN_INFINITE_RECURSION = YES;
				CLANG_WARN_INT_CONVERSION = YES;
				CLANG_WARN_NON_LITERAL_NULL_CONVERSION = YES;
				CLANG_WARN_OBJC_IMPLICIT_RETAIN_SELF = YES;
				CLANG_WARN_OBJC_LITERAL_CONVERSION = YES;
				CLANG_WARN_OBJC_ROOT_CLASS = YES_ERROR;
				CLANG_WARN_RANGE_LOOP_ANALYSIS = YES;
				CLANG_WARN_STRICT_PROTOTYPES = YES;
				CLANG_WARN_SUSPICIOUS_MOVE = YES;
				CLANG_WARN_UNGUARDED_AVAILABILITY = YES_AGGRESSIVE;
				CLANG_WARN_UNREACHABLE_CODE = YES;
				CLANG_WARN__DUPLICATE_METHOD_MATCH = YES;
				CODE_SIGN_IDENTITY = "iPhone Developer";
				COPY_PHASE_STRIP = NO;
				DEBUG_INFORMATION_FORMAT = dwarf;
				ENABLE_STRICT_OBJC_MSGSEND = YES;
				ENABLE_TESTABILITY = YES;
				GCC_C_LANGUAGE_STANDARD = gnu11;
				GCC_DYNAMIC_NO_PIC = NO;
				GCC_NO_COMMON_BLOCKS = YES;
				GCC_OPTIMIZATION_LEVEL = 0;
				GCC_PREPROCESSOR_DEFINITIONS = (
					"DEBUG=1",
					"$(inherited)",
				);
				GCC_WARN_64_TO_32_BIT_CONVERSION = YES;
				GCC_WARN_ABOUT_RETURN_TYPE = YES_ERROR;
				GCC_WARN_UNDECLARED_SELECTOR = YES;
				GCC_WARN_UNINITIALIZED_AUTOS = YES_AGGRESSIVE;
				GCC_WARN_UNUSED_FUNCTION = YES;
				GCC_WARN_UNUSED_VARIABLE = YES;
				IPHONEOS_DEPLOYMENT_TARGET = 12.0;
				MTL_ENABLE_DEBUG_INFO = INCLUDE_SOURCE;
				MTL_FAST_MATH = YES;
				ONLY_ACTIVE_ARCH = YES;
				SDKROOT = iphoneos;
				SWIFT_ACTIVE_COMPILATION_CONDITIONS = DEBUG;
				SWIFT_OPTIMIZATION_LEVEL = "-Onone";
			};
			name = Debug;
		};
		72037E3F2299C34000C3447D /* Release */ = {
			isa = XCBuildConfiguration;
			buildSettings = {
				ALWAYS_SEARCH_USER_PATHS = NO;
				CLANG_ANALYZER_NONNULL = YES;
				CLANG_ANALYZER_NUMBER_OBJECT_CONVERSION = YES_AGGRESSIVE;
				CLANG_CXX_LANGUAGE_STANDARD = "gnu++14";
				CLANG_CXX_LIBRARY = "libc++";
				CLANG_ENABLE_MODULES = YES;
				CLANG_ENABLE_OBJC_ARC = YES;
				CLANG_ENABLE_OBJC_WEAK = YES;
				CLANG_WARN_BLOCK_CAPTURE_AUTORELEASING = YES;
				CLANG_WARN_BOOL_CONVERSION = YES;
				CLANG_WARN_COMMA = YES;
				CLANG_WARN_CONSTANT_CONVERSION = YES;
				CLANG_WARN_DEPRECATED_OBJC_IMPLEMENTATIONS = YES;
				CLANG_WARN_DIRECT_OBJC_ISA_USAGE = YES_ERROR;
				CLANG_WARN_DOCUMENTATION_COMMENTS = YES;
				CLANG_WARN_EMPTY_BODY = YES;
				CLANG_WARN_ENUM_CONVERSION = YES;
				CLANG_WARN_INFINITE_RECURSION = YES;
				CLANG_WARN_INT_CONVERSION = YES;
				CLANG_WARN_NON_LITERAL_NULL_CONVERSION = YES;
				CLANG_WARN_OBJC_IMPLICIT_RETAIN_SELF = YES;
				CLANG_WARN_OBJC_LITERAL_CONVERSION = YES;
				CLANG_WARN_OBJC_ROOT_CLASS = YES_ERROR;
				CLANG_WARN_RANGE_LOOP_ANALYSIS = YES;
				CLANG_WARN_STRICT_PROTOTYPES = YES;
				CLANG_WARN_SUSPICIOUS_MOVE = YES;
				CLANG_WARN_UNGUARDED_AVAILABILITY = YES_AGGRESSIVE;
				CLANG_WARN_UNREACHABLE_CODE = YES;
				CLANG_WARN__DUPLICATE_METHOD_MATCH = YES;
				CODE_SIGN_IDENTITY = "iPhone Developer";
				COPY_PHASE_STRIP = NO;
				DEBUG_INFORMATION_FORMAT = "dwarf-with-dsym";
				ENABLE_NS_ASSERTIONS = NO;
				ENABLE_STRICT_OBJC_MSGSEND = YES;
				GCC_C_LANGUAGE_STANDARD = gnu11;
				GCC_NO_COMMON_BLOCKS = YES;
				GCC_WARN_64_TO_32_BIT_CONVERSION = YES;
				GCC_WARN_ABOUT_RETURN_TYPE = YES_ERROR;
				GCC_WARN_UNDECLARED_SELECTOR = YES;
				GCC_WARN_UNINITIALIZED_AUTOS = YES_AGGRESSIVE;
				GCC_WARN_UNUSED_FUNCTION = YES;
				GCC_WARN_UNUSED_VARIABLE = YES;
				IPHONEOS_DEPLOYMENT_TARGET = 12.0;
				MTL_ENABLE_DEBUG_INFO = NO;
				MTL_FAST_MATH = YES;
				SDKROOT = iphoneos;
				SWIFT_COMPILATION_MODE = wholemodule;
				SWIFT_OPTIMIZATION_LEVEL = "-O";
				VALIDATE_PRODUCT = YES;
			};
			name = Release;
		};
		72037E412299C34000C3447D /* Debug */ = {
			isa = XCBuildConfiguration;
			buildSettings = {
				ASSETCATALOG_COMPILER_APPICON_NAME = AppIcon;
				CODE_SIGN_STYLE = Manual;
				DEVELOPMENT_TEAM = "";
				INFOPLIST_FILE = ABAlert/Info.plist;
				LD_RUNPATH_SEARCH_PATHS = (
					"$(inherited)",
					"@executable_path/Frameworks",
				);
				PRODUCT_BUNDLE_IDENTIFIER = com.ankitbhana.Alert;
				PRODUCT_NAME = "$(TARGET_NAME)";
				PROVISIONING_PROFILE_SPECIFIER = "";
				SWIFT_VERSION = 4.2;
				TARGETED_DEVICE_FAMILY = "1,2";
			};
			name = Debug;
		};
		72037E422299C34000C3447D /* Release */ = {
			isa = XCBuildConfiguration;
			buildSettings = {
				ASSETCATALOG_COMPILER_APPICON_NAME = AppIcon;
				CODE_SIGN_STYLE = Manual;
				DEVELOPMENT_TEAM = "";
				INFOPLIST_FILE = ABAlert/Info.plist;
				LD_RUNPATH_SEARCH_PATHS = (
					"$(inherited)",
					"@executable_path/Frameworks",
				);
				PRODUCT_BUNDLE_IDENTIFIER = com.ankitbhana.Alert;
				PRODUCT_NAME = "$(TARGET_NAME)";
				PROVISIONING_PROFILE_SPECIFIER = "";
				SWIFT_VERSION = 4.2;
				TARGETED_DEVICE_FAMILY = "1,2";
			};
			name = Release;
		};
/* End XCBuildConfiguration section */

/* Begin XCConfigurationList section */
		72037E292299C33E00C3447D /* Build configuration list for PBXProject "ABAlert" */ = {
			isa = XCConfigurationList;
			buildConfigurations = (
				72037E3E2299C34000C3447D /* Debug */,
				72037E3F2299C34000C3447D /* Release */,
			);
			defaultConfigurationIsVisible = 0;
			defaultConfigurationName = Release;
		};
		72037E402299C34000C3447D /* Build configuration list for PBXNativeTarget "ABAlert" */ = {
			isa = XCConfigurationList;
			buildConfigurations = (
				72037E412299C34000C3447D /* Debug */,
				72037E422299C34000C3447D /* Release */,
			);
			defaultConfigurationIsVisible = 0;
			defaultConfigurationName = Release;
		};
/* End XCConfigurationList section */
	};
	rootObject = 72037E262299C33E00C3447D /* Project object */;
}
